
Microsoft Visual Studio Solution File, Format Version 12.00
# Visual Studio Version 16
VisualStudioVersion = 16.0.32413.511
MinimumVisualStudioVersion = 10.0.40219.1
Project("{FAE04EC0-301F-11D3-BF4B-00C04F79EFBC}") = "Decorator", "..\Decorator\Decorator.csproj", "{A52C7817-43DE-499B-BC29-06EB510AB22B}"
EndProject
Project("{9A19103F-16F7-4668-BE54-9A1E7A4F7556}") = "DecoratorPattern", "..\DecoratorPattern\DecoratorPattern.csproj", "{05600789-491F-4474-B5FF-4F43202AE0B6}"
EndProject
Project("{FAE04EC0-301F-11D3-BF4B-00C04F79EFBC}") = "FactoryMethod", "..\Factory\FactoryMethod.csproj", "{A0F0F5C9-18C3-45C5-BCD3-18FFEAA463D8}"
EndProject
Project("{FAE04EC0-301F-11D3-BF4B-00C04F79EFBC}") = "Observer", "..\Observer\Observer.csproj", "{F16F9DAF-5498-4FE8-AA78-E3842DDBA4FE}"
EndProject
Project("{FAE04EC0-301F-11D3-BF4B-00C04F79EFBC}") = "SimpleFactory", "..\SimpleFactory\SimpleFactory.csproj", "{C3B72ED5-2F38-40D1-81EA-E6BA63C42177}"
EndProject
Project("{FAE04EC0-301F-11D3-BF4B-00C04F79EFBC}") = "Strategy", "..\Strategy\Strategy.csproj", "{86447159-2BE3-41B3-8B90-D5491A08CCC6}"
EndProject
Project("{FAE04EC0-301F-11D3-BF4B-00C04F79EFBC}") = "AbstractFactoryPattern", "..\FactoryPattern\AbstractFactoryPattern.csproj", "{2A71C69B-E88B-436C-AE75-3D8D4EA3D756}"
EndProject
Project("{FAE04EC0-301F-11D3-BF4B-00C04F79EFBC}") = "SingletonPattern", "..\SingletonPattern\SingletonPattern.csproj", "{8104CC72-EC06-40AE-A7CF-DDDE35DB6403}"
EndProject
Global
	GlobalSection(SolutionConfigurationPlatforms) = preSolution
		Debug|Any CPU = Debug|Any CPU
		Release|Any CPU = Release|Any CPU
	EndGlobalSection
	GlobalSection(ProjectConfigurationPlatforms) = postSolution
		{A52C7817-43DE-499B-BC29-06EB510AB22B}.Debug|Any CPU.ActiveCfg = Debug|Any CPU
		{A52C7817-43DE-499B-BC29-06EB510AB22B}.Debug|Any CPU.Build.0 = Debug|Any CPU
		{A52C7817-43DE-499B-BC29-06EB510AB22B}.Release|Any CPU.ActiveCfg = Release|Any CPU
		{A52C7817-43DE-499B-BC29-06EB510AB22B}.Release|Any CPU.Build.0 = Release|Any CPU
		{05600789-491F-4474-B5FF-4F43202AE0B6}.Debug|Any CPU.ActiveCfg = Debug|Any CPU
		{05600789-491F-4474-B5FF-4F43202AE0B6}.Debug|Any CPU.Build.0 = Debug|Any CPU
		{05600789-491F-4474-B5FF-4F43202AE0B6}.Release|Any CPU.ActiveCfg = Release|Any CPU
		{05600789-491F-4474-B5FF-4F43202AE0B6}.Release|Any CPU.Build.0 = Release|Any CPU
		{A0F0F5C9-18C3-45C5-BCD3-18FFEAA463D8}.Debug|Any CPU.ActiveCfg = Debug|Any CPU
		{A0F0F5C9-18C3-45C5-BCD3-18FFEAA463D8}.Debug|Any CPU.Build.0 = Debug|Any CPU
		{A0F0F5C9-18C3-45C5-BCD3-18FFEAA463D8}.Release|Any CPU.ActiveCfg = Release|Any CPU
		{A0F0F5C9-18C3-45C5-BCD3-18FFEAA463D8}.Release|Any CPU.Build.0 = Release|Any CPU
		{F16F9DAF-5498-4FE8-AA78-E3842DDBA4FE}.Debug|Any CPU.ActiveCfg = Debug|Any CPU
		{F16F9DAF-5498-4FE8-AA78-E3842DDBA4FE}.Debug|Any CPU.Build.0 = Debug|Any CPU
		{F16F9DAF-5498-4FE8-AA78-E3842DDBA4FE}.Release|Any CPU.ActiveCfg = Release|Any CPU
		{F16F9DAF-5498-4FE8-AA78-E3842DDBA4FE}.Release|Any CPU.Build.0 = Release|Any CPU
		{C3B72ED5-2F38-40D1-81EA-E6BA63C42177}.Debug|Any CPU.ActiveCfg = Debug|Any CPU
		{C3B72ED5-2F38-40D1-81EA-E6BA63C42177}.Debug|Any CPU.Build.0 = Debug|Any CPU
		{C3B72ED5-2F38-40D1-81EA-E6BA63C42177}.Release|Any CPU.ActiveCfg = Release|Any CPU
		{C3B72ED5-2F38-40D1-81EA-E6BA63C42177}.Release|Any CPU.Build.0 = Release|Any CPU
		{86447159-2BE3-41B3-8B90-D5491A08CCC6}.Debug|Any CPU.ActiveCfg = Debug|Any CPU
		{86447159-2BE3-41B3-8B90-D5491A08CCC6}.Debug|Any CPU.Build.0 = Debug|Any CPU
		{86447159-2BE3-41B3-8B90-D5491A08CCC6}.Release|Any CPU.ActiveCfg = Release|Any CPU
		{86447159-2BE3-41B3-8B90-D5491A08CCC6}.Release|Any CPU.Build.0 = Release|Any CPU
		{2A71C69B-E88B-436C-AE75-3D8D4EA3D756}.Debug|Any CPU.ActiveCfg = Debug|Any CPU
		{2A71C69B-E88B-436C-AE75-3D8D4EA3D756}.Debug|Any CPU.Build.0 = Debug|Any CPU
		{2A71C69B-E88B-436C-AE75-3D8D4EA3D756}.Release|Any CPU.ActiveCfg = Release|Any CPU
		{2A71C69B-E88B-436C-AE75-3D8D4EA3D756}.Release|Any CPU.Build.0 = Release|Any CPU
		{8104CC72-EC06-40AE-A7CF-DDDE35DB6403}.Debug|Any CPU.ActiveCfg = Debug|Any CPU
		{8104CC72-EC06-40AE-A7CF-DDDE35DB6403}.Debug|Any CPU.Build.0 = Debug|Any CPU
		{8104CC72-EC06-40AE-A7CF-DDDE35DB6403}.Release|Any CPU.ActiveCfg = Release|Any CPU
		{8104CC72-EC06-40AE-A7CF-DDDE35DB6403}.Release|Any CPU.Build.0 = Release|Any CPU
	EndGlobalSection
	GlobalSection(SolutionProperties) = preSolution
		HideSolutionNode = FALSE
	EndGlobalSection
	GlobalSection(ExtensibilityGlobals) = postSolution
		SolutionGuid = {020B8DBC-6061-4586-972E-494E6630C9DF}
	EndGlobalSection
EndGlobal
